github.com/arisu-archive/bluearchive-fbs-utils v0.0.0-20250523141606-65e055cdb50b h1:aSw1k4pyb+CBLpfREiiZfAVbF7TBLRHijzIoP1Ib/5U=
github.com/arisu-archive/bluearchive-fbs-utils v0.0.0-20250523141606-65e055cdb50b/go.mod h1:TcA0pAoioBOjVpqKszcgRZl23YJGG33cjbRIvxRSMKI=
github.com/arisu-archive/bluearchive-fbs-utils v0.0.0-20251025193505-8e0d5e7baff5 h1:XSk7xahyNnYkp4UZlfoFSLqlZZZXx2lMe07yjbFeGU4=
github.com/arisu-archive/bluearchive-fbs-utils v0.0.0-20251025193505-8e0d5e7baff5/go.mod h1:n9PFVpzLtcrThjXgFe1TLTdGdZZ/WrSewzzMCS4IDrs=
github.com/arisu-archive/plana-flatbuffers v0.5.0 h1:zzcF6L+gpa1thqDEWp5HLlepNsH3qfjUq9mFfrDlxdM=
github.com/arisu-archive/plana-flatbuffers v0.5.0/go.mod h1:vWcu5QV+5lIl094enP7juG2Q7ezOB31YkwfhRoD5PC8=
github.com/arisu-archive/plana-flatbuffers v0.6.0 h1:6xCx8opz1BbBlj5eKATgY4p9FA7ymnsuERnZZoU5n5c=
github.com/arisu-archive/plana-flatbuffers v0.6.0/go.mod h1:r12RdK9y9GVdlzhoPepnHREhuRJ3UbQnpBZYTKuNH80=
github.com/arisu-archive/plana-flatbuffers v0.6.1 h1:eHmzK3Q5BpU1f7w6z5KSovmwWBRWntSXhfr0CexCSuE=
github.com/arisu-archive/plana-flatbuffers v0.6.1/go.mod h1:r12RdK9y9GVdlzhoPepnHREhuRJ3UbQnpBZYTKuNH80=
github.com/go-logr/logr v1.4.2 h1:6pFjapn8bFcIbiKo3XT4j/BhANplGihG6tvd+8rYgrY=
github.com/go-logr/logr v1.4.2/go.mod h1:9T104GzyrTigFIr8wt5mBrctHMim0Nb2HLGrmQ40KvY=
github.com/go-task/slim-sprig/v3 v3.0.0 h1:sUs3vkvUymDpBKi3qH1YSqBQk9+9D/8M2mN1vB6EwHI=
github.com/go-task/slim-sprig/v3 v3.0.0/go.mod h1:W848ghGpv3Qj3dhTPRyJypKRiqCdHZiAzKg9hl15HA8=
github.com/google/flatbuffers v25.2.10+incompatible h1:F3vclr7C3HpB1k9mxCGRMXq6FdUalZ6H/pNX4FP1v0Q=
github.com/google/flatbuffers v25.2.10+incompatible/go.mod h1:1AeVuKshWv4vARoZatz6mlQ0JxURH0Kv5+zNeJKJCa8=
github.com/google/flatbuffers v25.9.23+incompatible h1:rGZKv+wOb6QPzIdkM2KxhBZCDrA0DeN6DNmRDrqIsQU=
github.com/google/flatbuffers v25.9.23+incompatible/go.mod h1:1AeVuKshWv4vARoZatz6mlQ0JxURH0Kv5+zNeJKJCa8=
github.com/google/go-cmp v0.6.0 h1:ofyhxvXcZhMsU5ulbFiLKl/XBFqE1GSq7atu8tAmTRI=
github.com/google/go-cmp v0.6.0/go.mod h1:17dUlkBOakJ0+DkrSSNjCkIjxS6bF9zb3elmeNGIjoY=
github.com/google/pprof v0.0.0-20241210010833-40e02aabc2ad h1:a6HEuzUHeKH6hwfN/ZoQgRgVIWFJljSWa/zetS2WTvg=
github.com/google/pprof v0.0.0-20241210010833-40e02aabc2ad/go.mod h1:vavhavw2zAxS5dIdcRluK6cSGGPlZynqzFM8NdvU144=
github.com/onsi/ginkgo/v2 v2.23.0 h1:FA1xjp8ieYDzlgS5ABTpdUDB7wtngggONc8a7ku2NqQ=
github.com/onsi/ginkgo/v2 v2.23.0/go.mod h1:zXTP6xIp3U8aVuXN8ENK9IXRaTjFnpVB9mGmaSRvxnM=
github.com/onsi/gomega v1.36.2 h1:koNYke6TVk6ZmnyHrCXba/T/MoLBXFjeC1PtvYgw0A8=
github.com/onsi/gomega v1.36.2/go.mod h1:DdwyADRjrc825LhMEkD76cHR5+pUnjhUN8GlHlRPHzY=
golang.org/x/net v0.35.0 h1:T5GQRQb2y08kTAByq9L4/bz8cipCdA8FbRTXewonqY8=
golang.org/x/net v0.35.0/go.mod h1:EglIi67kWsHKlRzzVMUD93VMSWGFOMSZgxFjparz1Qk=
golang.org/x/sys v0.30.0 h1:QjkSwP/36a20jFYWkSue1YwXzLmsV5Gfq7Eiy72C1uc=
golang.org/x/sys v0.30.0/go.mod h1:/VUhepiaJMQUp4+oa/7Zr1D23ma6VTLIYjOOTFZPUcA=
golang.org/x/text v0.22.0 h1:bofq7m3/HAFvbF51jz3Q9wLg3jkvSPuiZu/pD1XwgtM=
golang.org/x/text v0.22.0/go.mod h1:YRoo4H8PVmsu+E3Ou7cqLVH8oXWIHVoX0jqUWALQhfY=
golang.org/x/tools v0.30.0 h1:BgcpHewrV5AUp2G9MebG4XPFI1E2W41zU1SaqVA9vJY=
golang.org/x/tools v0.30.0/go.mod h1:c347cR/OJfw5TI+GfX7RUPNMdDRRbjvYTS0jPyvsVtY=
gopkg.in/yaml.v3 v3.0.1 h1:fxVm/GzAzEWqLHuvctI91KS9hhNmmWOoWu0XTYJS7CA=
gopkg.in/yaml.v3 v3.0.1/go.mod h1:K4uyk7z7BCEPqu6E+C64Yfv1cQ7kz7rIZviUmN+EgEM=
